{
  "version": 4,
  "terraform_version": "1.10.5",
  "serial": 13,
  "lineage": "ada08e4e-6f3c-5ff5-a8f8-048e4ec87266",
  "outputs": {},
  "resources": [
    {
      "mode": "managed",
      "type": "github_branch_default",
      "name": "default",
      "provider": "provider[\"registry.terraform.io/integrations/github\"]",
      "instances": [
        {
          "schema_version": 0,
          "attributes": {
            "branch": "master",
            "etag": "W/\"9ea55b44fc96d6b1047625b243559232a0629899a2a58ba191addfbb51610432\"",
            "id": "S25-core-course-labs",
            "rename": false,
            "repository": "S25-core-course-labs"
          },
          "sensitive_attributes": [],
          "private": "bnVsbA==",
          "dependencies": [
            "github_repository.repo"
          ]
        }
      ]
    },
    {
      "mode": "managed",
      "type": "github_repository",
      "name": "repo",
      "provider": "provider[\"registry.terraform.io/integrations/github\"]",
      "instances": [
        {
          "schema_version": 1,
          "attributes": {
            "allow_auto_merge": false,
            "allow_merge_commit": true,
            "allow_rebase_merge": true,
            "allow_squash_merge": true,
            "allow_update_branch": false,
            "archive_on_destroy": false,
            "archived": false,
            "auto_init": true,
            "default_branch": "master",
            "delete_branch_on_merge": false,
            "description": "DevOps course Terraform-managed repository",
            "etag": "W/\"9ea55b44fc96d6b1047625b243559232a0629899a2a58ba191addfbb51610432\"",
            "full_name": "MoeJaafar/S25-core-course-labs",
            "git_clone_url": "git://github.com/MoeJaafar/S25-core-course-labs.git",
            "gitignore_template": null,
            "has_discussions": false,
            "has_downloads": false,
            "has_issues": false,
            "has_projects": false,
            "has_wiki": false,
            "homepage_url": "",
            "html_url": "https://github.com/MoeJaafar/S25-core-course-labs",
            "http_clone_url": "https://github.com/MoeJaafar/S25-core-course-labs.git",
            "id": "S25-core-course-labs",
            "ignore_vulnerability_alerts_during_read": null,
            "is_template": false,
            "license_template": null,
            "merge_commit_message": "PR_TITLE",
            "merge_commit_title": "MERGE_MESSAGE",
            "name": "S25-core-course-labs",
            "node_id": "R_kgDONxvL3A",
            "pages": [],
            "primary_language": "",
            "private": true,
            "repo_id": 924568540,
            "security_and_analysis": [],
            "squash_merge_commit_message": "COMMIT_MESSAGES",
            "squash_merge_commit_title": "COMMIT_OR_PR_TITLE",
            "ssh_clone_url": "git@github.com:MoeJaafar/S25-core-course-labs.git",
            "svn_url": "https://github.com/MoeJaafar/S25-core-course-labs",
            "template": [],
            "topics": [],
            "visibility": "private",
            "vulnerability_alerts": false,
            "web_commit_signoff_required": false
          },
          "sensitive_attributes": [],
          "private": "eyJzY2hlbWFfdmVyc2lvbiI6IjEifQ=="
        }
      ]
    }
  ],
  "check_results": null
}
